
Microsoft Visual Studio Solution File, Format Version 12.00
# Visual Studio Version 17
VisualStudioVersion = 17.3.32929.385
MinimumVisualStudioVersion = 10.0.40219.1
Project("{9A19103F-16F7-4668-BE54-9A1E7A4F7556}") = "ImageBrowser", "ImageBrowser\ImageBrowser.csproj", "{189107D3-A43B-48B4-839D-6994F4090B0D}"
EndProject
Project("{9A19103F-16F7-4668-BE54-9A1E7A4F7556}") = "ImageBrowserTest", "ImageBrowserTest\ImageBrowserTest.csproj", "{A0AE5EDA-B9FF-41D3-B1B2-EBC1E2B4F513}"
EndProject
Global
	GlobalSection(SolutionConfigurationPlatforms) = preSolution
		Debug|Any CPU = Debug|Any CPU
		Release|Any CPU = Release|Any CPU
	EndGlobalSection
	GlobalSection(ProjectConfigurationPlatforms) = postSolution
		{189107D3-A43B-48B4-839D-6994F4090B0D}.Debug|Any CPU.ActiveCfg = Debug|Any CPU
		{189107D3-A43B-48B4-839D-6994F4090B0D}.Debug|Any CPU.Build.0 = Debug|Any CPU
		{189107D3-A43B-48B4-839D-6994F4090B0D}.Release|Any CPU.ActiveCfg = Release|Any CPU
		{189107D3-A43B-48B4-839D-6994F4090B0D}.Release|Any CPU.Build.0 = Release|Any CPU
		{A0AE5EDA-B9FF-41D3-B1B2-EBC1E2B4F513}.Debug|Any CPU.ActiveCfg = Debug|Any CPU
		{A0AE5EDA-B9FF-41D3-B1B2-EBC1E2B4F513}.Debug|Any CPU.Build.0 = Debug|Any CPU
		{A0AE5EDA-B9FF-41D3-B1B2-EBC1E2B4F513}.Release|Any CPU.ActiveCfg = Release|Any CPU
		{A0AE5EDA-B9FF-41D3-B1B2-EBC1E2B4F513}.Release|Any CPU.Build.0 = Release|Any CPU
	EndGlobalSection
	GlobalSection(SolutionProperties) = preSolution
		HideSolutionNode = FALSE
	EndGlobalSection
	GlobalSection(ExtensibilityGlobals) = postSolution
		SolutionGuid = {8F3FCDF7-D7EB-4501-AAD7-4FC1C37E9C86}
	EndGlobalSection
EndGlobal
